{
  "version": "4",
  "remote": {
    "https://raw.githubusercontent.com/mediar-ai/screenpipe/main/screenpipe-js/main.ts": "33622fd700129347af9f8c049ea0afb3b8f8358b9ed600855f94a40deeb93d0f"
  },
  "workspace": {
    "packageJson": {
      "dependencies": [
        "npm:@radix-ui/react-icons@^1.3.0",
        "npm:@radix-ui/react-slot@^1.1.0",
        "npm:@shadcn/ui@^0.0.4",
        "npm:@types/node@20",
        "npm:@types/react-dom@18",
        "npm:@types/react@18",
        "npm:ai@2.2.36",
        "npm:axios@^1.6.7",
        "npm:class-variance-authority@0.7",
        "npm:clsx@^2.1.1",
        "npm:cron-parser@^4.9.0",
        "npm:eslint-config-next@14.2.15",
        "npm:eslint@8",
        "npm:lucide-react@0.453",
        "npm:next@14.2.15",
        "npm:ollama-ai-provider@~0.15.2",
        "npm:postcss@8",
        "npm:react-dom@18",
        "npm:react@18",
        "npm:tailwind-merge@^2.5.4",
        "npm:tailwindcss-animate@^1.0.7",
        "npm:tailwindcss@^3.4.1",
        "npm:typescript@5"
      ]
    }
  }
}
